// !$*UTF8*$!
{
	archiveVersion = 1;
	classes = {
	};
	objectVersion = 46;
	objects = {

/* Begin PBXBuildFile section */
		0D1CC5A21EEDB72900907386 /* MatchListTableModel.swift in Sources */ = {isa = PBXBuildFile; fileRef = 0D1CC5A11EEDB72900907386 /* MatchListTableModel.swift */; };
		0D1CC5A41EEDBA9B00907386 /* MatchDetailViewModel.swift in Sources */ = {isa = PBXBuildFile; fileRef = 0D1CC5A31EEDBA9B00907386 /* MatchDetailViewModel.swift */; };
		0D1CC62C1EEF57EE00907386 /* DummyMatchListTableModelCreator.swift in Sources */ = {isa = PBXBuildFile; fileRef = 0D1CC5A71EEDBD3600907386 /* DummyMatchListTableModelCreator.swift */; };
		0D1CC6311EEF588300907386 /* MatchListTableModel.swift in Sources */ = {isa = PBXBuildFile; fileRef = 0D1CC5A11EEDB72900907386 /* MatchListTableModel.swift */; };
		0D1CC6321EEF588600907386 /* MatchDetailViewModel.swift in Sources */ = {isa = PBXBuildFile; fileRef = 0D1CC5A31EEDBA9B00907386 /* MatchDetailViewModel.swift */; };
		0D6CCB5E1EE481E90020D145 /* MatchListTableViewController.swift in Sources */ = {isa = PBXBuildFile; fileRef = 0D6CCB5D1EE481E90020D145 /* MatchListTableViewController.swift */; };
		0D9F2A5C1EEC7D7400776BAE /* VideoItemCell.swift in Sources */ = {isa = PBXBuildFile; fileRef = 0D9F2A5B1EEC7D7400776BAE /* VideoItemCell.swift */; };
		0D9F2A611EED827B00776BAE /* MatchDetailsViewController.swift in Sources */ = {isa = PBXBuildFile; fileRef = 0D9F2A601EED827B00776BAE /* MatchDetailsViewController.swift */; };
		0DAE27061EE30BAC004EE306 /* AppDelegate.swift in Sources */ = {isa = PBXBuildFile; fileRef = 0DAE27051EE30BAC004EE306 /* AppDelegate.swift */; };
		0DAE270B1EE30BAC004EE306 /* Main.storyboard in Resources */ = {isa = PBXBuildFile; fileRef = 0DAE27091EE30BAC004EE306 /* Main.storyboard */; };
		0DAE270D1EE30BAC004EE306 /* Assets.xcassets in Resources */ = {isa = PBXBuildFile; fileRef = 0DAE270C1EE30BAC004EE306 /* Assets.xcassets */; };
		0DAE27101EE30BAC004EE306 /* LaunchScreen.storyboard in Resources */ = {isa = PBXBuildFile; fileRef = 0DAE270E1EE30BAC004EE306 /* LaunchScreen.storyboard */; };
		0DBC85F01F0954EB00C65A89 /* VideoBrowser_DomainModels.framework in Frameworks */ = {isa = PBXBuildFile; fileRef = 0DBC85EF1F0954EB00C65A89 /* VideoBrowser_DomainModels.framework */; };
		0DF54D371EF1E5DC00DCE8B7 /* Feed.json in Resources */ = {isa = PBXBuildFile; fileRef = 0DF54D351EF1E43900DCE8B7 /* Feed.json */; };
/* End PBXBuildFile section */

/* Begin PBXContainerItemProxy section */
		0DAE27171EE30BAC004EE306 /* PBXContainerItemProxy */ = {
			isa = PBXContainerItemProxy;
			containerPortal = 0DAE26FA1EE30BAC004EE306 /* Project object */;
			proxyType = 1;
			remoteGlobalIDString = 0DAE27011EE30BAC004EE306;
			remoteInfo = VideoBrowser;
		};
/* End PBXContainerItemProxy section */

/* Begin PBXCopyFilesBuildPhase section */
		0D1CC6291EEF478800907386 /* Embed Frameworks */ = {
			isa = PBXCopyFilesBuildPhase;
			buildActionMask = 2147483647;
			dstPath = "";
			dstSubfolderSpec = 10;
			files = (
			);
			name = "Embed Frameworks";
			runOnlyForDeploymentPostprocessing = 0;
		};
/* End PBXCopyFilesBuildPhase section */

/* Begin PBXFileReference section */
		0D1CC5A11EEDB72900907386 /* MatchListTableModel.swift */ = {isa = PBXFileReference; fileEncoding = 4; lastKnownFileType = sourcecode.swift; path = MatchListTableModel.swift; sourceTree = "<group>"; };
		0D1CC5A31EEDBA9B00907386 /* MatchDetailViewModel.swift */ = {isa = PBXFileReference; fileEncoding = 4; lastKnownFileType = sourcecode.swift; path = MatchDetailViewModel.swift; sourceTree = "<group>"; };
		0D1CC5A71EEDBD3600907386 /* DummyMatchListTableModelCreator.swift */ = {isa = PBXFileReference; fileEncoding = 4; lastKnownFileType = sourcecode.swift; name = DummyMatchListTableModelCreator.swift; path = ../VideoBrowser/DummyMatchListTableModelCreator.swift; sourceTree = "<group>"; };
		0D6CCB5D1EE481E90020D145 /* MatchListTableViewController.swift */ = {isa = PBXFileReference; fileEncoding = 4; lastKnownFileType = sourcecode.swift; path = MatchListTableViewController.swift; sourceTree = "<group>"; };
		0D9F2A5B1EEC7D7400776BAE /* VideoItemCell.swift */ = {isa = PBXFileReference; fileEncoding = 4; lastKnownFileType = sourcecode.swift; path = VideoItemCell.swift; sourceTree = "<group>"; };
		0D9F2A601EED827B00776BAE /* MatchDetailsViewController.swift */ = {isa = PBXFileReference; fileEncoding = 4; lastKnownFileType = sourcecode.swift; path = MatchDetailsViewController.swift; sourceTree = "<group>"; };
		0DAE27021EE30BAC004EE306 /* VideoBrowser.app */ = {isa = PBXFileReference; explicitFileType = wrapper.application; includeInIndex = 0; path = VideoBrowser.app; sourceTree = BUILT_PRODUCTS_DIR; };
		0DAE27051EE30BAC004EE306 /* AppDelegate.swift */ = {isa = PBXFileReference; lastKnownFileType = sourcecode.swift; path = AppDelegate.swift; sourceTree = "<group>"; };
		0DAE270A1EE30BAC004EE306 /* Base */ = {isa = PBXFileReference; lastKnownFileType = file.storyboard; name = Base; path = Base.lproj/Main.storyboard; sourceTree = "<group>"; };
		0DAE270C1EE30BAC004EE306 /* Assets.xcassets */ = {isa = PBXFileReference; lastKnownFileType = folder.assetcatalog; path = Assets.xcassets; sourceTree = "<group>"; };
		0DAE270F1EE30BAC004EE306 /* Base */ = {isa = PBXFileReference; lastKnownFileType = file.storyboard; name = Base; path = Base.lproj/LaunchScreen.storyboard; sourceTree = "<group>"; };
		0DAE27111EE30BAC004EE306 /* Info.plist */ = {isa = PBXFileReference; lastKnownFileType = text.plist.xml; path = Info.plist; sourceTree = "<group>"; };
		0DAE27161EE30BAC004EE306 /* VideoBrowserTests.xctest */ = {isa = PBXFileReference; explicitFileType = wrapper.cfbundle; includeInIndex = 0; path = VideoBrowserTests.xctest; sourceTree = BUILT_PRODUCTS_DIR; };
		0DAE271C1EE30BAC004EE306 /* Info.plist */ = {isa = PBXFileReference; lastKnownFileType = text.plist.xml; path = Info.plist; sourceTree = "<group>"; };
		0DBC85EF1F0954EB00C65A89 /* VideoBrowser_DomainModels.framework */ = {isa = PBXFileReference; lastKnownFileType = wrapper.framework; name = VideoBrowser_DomainModels.framework; path = "Frameworks/VideoBrowser_DomainModels/build/Debug-iphoneos/VideoBrowser_DomainModels.framework"; sourceTree = "<group>"; };
		0DF54D351EF1E43900DCE8B7 /* Feed.json */ = {isa = PBXFileReference; fileEncoding = 4; lastKnownFileType = text.json; path = Feed.json; sourceTree = "<group>"; };
/* End PBXFileReference section */

/* Begin PBXFrameworksBuildPhase section */
		0DAE26FF1EE30BAC004EE306 /* Frameworks */ = {
			isa = PBXFrameworksBuildPhase;
			buildActionMask = 2147483647;
			files = (
				0DBC85F01F0954EB00C65A89 /* VideoBrowser_DomainModels.framework in Frameworks */,
			);
			runOnlyForDeploymentPostprocessing = 0;
		};
		0DAE27131EE30BAC004EE306 /* Frameworks */ = {
			isa = PBXFrameworksBuildPhase;
			buildActionMask = 2147483647;
			files = (
			);
			runOnlyForDeploymentPostprocessing = 0;
		};
/* End PBXFrameworksBuildPhase section */

/* Begin PBXGroup section */
		0D1CC59E1EEDB3F400907386 /* ViewControllers */ = {
			isa = PBXGroup;
			children = (
				0D9F2A601EED827B00776BAE /* MatchDetailsViewController.swift */,
				0D6CCB5D1EE481E90020D145 /* MatchListTableViewController.swift */,
				0D9F2A5B1EEC7D7400776BAE /* VideoItemCell.swift */,
			);
			name = ViewControllers;
			sourceTree = "<group>";
		};
		0D1CC59F1EEDB57C00907386 /* Model */ = {
			isa = PBXGroup;
			children = (
				0D1CC5A11EEDB72900907386 /* MatchListTableModel.swift */,
				0D1CC5A31EEDBA9B00907386 /* MatchDetailViewModel.swift */,
			);
			name = Model;
			sourceTree = "<group>";
		};
		0D1CC5A01EEDB58900907386 /* View */ = {
			isa = PBXGroup;
			children = (
				0DAE27091EE30BAC004EE306 /* Main.storyboard */,
				0DAE270E1EE30BAC004EE306 /* LaunchScreen.storyboard */,
			);
			name = View;
			sourceTree = "<group>";
		};
		0DAE26F91EE30BAC004EE306 = {
			isa = PBXGroup;
			children = (
				0DAE27041EE30BAC004EE306 /* VideoBrowser */,
				0DAE27191EE30BAC004EE306 /* VideoBrowserTests */,
				0DAE27031EE30BAC004EE306 /* Products */,
				0DBC85EE1F0954EB00C65A89 /* Frameworks */,
			);
			sourceTree = "<group>";
		};
		0DAE27031EE30BAC004EE306 /* Products */ = {
			isa = PBXGroup;
			children = (
				0DAE27021EE30BAC004EE306 /* VideoBrowser.app */,
				0DAE27161EE30BAC004EE306 /* VideoBrowserTests.xctest */,
			);
			name = Products;
			sourceTree = "<group>";
		};
		0DAE27041EE30BAC004EE306 /* VideoBrowser */ = {
			isa = PBXGroup;
			children = (
				0D1CC5A01EEDB58900907386 /* View */,
				0D1CC59F1EEDB57C00907386 /* Model */,
				0D1CC59E1EEDB3F400907386 /* ViewControllers */,
				0DAE27051EE30BAC004EE306 /* AppDelegate.swift */,
				0DAE270C1EE30BAC004EE306 /* Assets.xcassets */,
				0DAE27111EE30BAC004EE306 /* Info.plist */,
			);
			path = VideoBrowser;
			sourceTree = "<group>";
		};
		0DAE27191EE30BAC004EE306 /* VideoBrowserTests */ = {
			isa = PBXGroup;
			children = (
				0D1CC5A71EEDBD3600907386 /* DummyMatchListTableModelCreator.swift */,
				0DF54D351EF1E43900DCE8B7 /* Feed.json */,
				0DAE271C1EE30BAC004EE306 /* Info.plist */,
			);
			path = VideoBrowserTests;
			sourceTree = "<group>";
		};
		0DBC85EE1F0954EB00C65A89 /* Frameworks */ = {
			isa = PBXGroup;
			children = (
				0DBC85EF1F0954EB00C65A89 /* VideoBrowser_DomainModels.framework */,
			);
			name = Frameworks;
			sourceTree = "<group>";
		};
/* End PBXGroup section */

/* Begin PBXNativeTarget section */
		0DAE27011EE30BAC004EE306 /* VideoBrowser */ = {
			isa = PBXNativeTarget;
			buildConfigurationList = 0DAE271F1EE30BAC004EE306 /* Build configuration list for PBXNativeTarget "VideoBrowser" */;
			buildPhases = (
				0DAE26FE1EE30BAC004EE306 /* Sources */,
				0DAE26FF1EE30BAC004EE306 /* Frameworks */,
				0DAE27001EE30BAC004EE306 /* Resources */,
				0D1CC6291EEF478800907386 /* Embed Frameworks */,
			);
			buildRules = (
			);
			dependencies = (
			);
			name = VideoBrowser;
			productName = VideoBrowser;
			productReference = 0DAE27021EE30BAC004EE306 /* VideoBrowser.app */;
			productType = "com.apple.product-type.application";
		};
		0DAE27151EE30BAC004EE306 /* VideoBrowserTests */ = {
			isa = PBXNativeTarget;
			buildConfigurationList = 0DAE27221EE30BAC004EE306 /* Build configuration list for PBXNativeTarget "VideoBrowserTests" */;
			buildPhases = (
				0DAE27121EE30BAC004EE306 /* Sources */,
				0DAE27131EE30BAC004EE306 /* Frameworks */,
				0DAE27141EE30BAC004EE306 /* Resources */,
			);
			buildRules = (
			);
			dependencies = (
				0DAE27181EE30BAC004EE306 /* PBXTargetDependency */,
			);
			name = VideoBrowserTests;
			productName = VideoBrowserTests;
			productReference = 0DAE27161EE30BAC004EE306 /* VideoBrowserTests.xctest */;
			productType = "com.apple.product-type.bundle.unit-test";
		};
/* End PBXNativeTarget section */

/* Begin PBXProject section */
		0DAE26FA1EE30BAC004EE306 /* Project object */ = {
			isa = PBXProject;
			attributes = {
				LastSwiftUpdateCheck = 0830;
				LastUpgradeCheck = 0830;
				ORGANIZATIONNAME = "James Honeyball";
				TargetAttributes = {
					0DAE27011EE30BAC004EE306 = {
						CreatedOnToolsVersion = 8.3.2;
						DevelopmentTeam = EF4UQ57PCN;
						ProvisioningStyle = Manual;
					};
					0DAE27151EE30BAC004EE306 = {
						CreatedOnToolsVersion = 8.3.2;
						DevelopmentTeam = EF4UQ57PCN;
						LastSwiftMigration = 0830;
						ProvisioningStyle = Manual;
						TestTargetID = 0DAE27011EE30BAC004EE306;
					};
				};
			};
			buildConfigurationList = 0DAE26FD1EE30BAC004EE306 /* Build configuration list for PBXProject "VideoBrowser" */;
			compatibilityVersion = "Xcode 3.2";
			developmentRegion = English;
			hasScannedForEncodings = 0;
			knownRegions = (
				en,
				Base,
			);
			mainGroup = 0DAE26F91EE30BAC004EE306;
			productRefGroup = 0DAE27031EE30BAC004EE306 /* Products */;
			projectDirPath = "";
			projectRoot = "";
			targets = (
				0DAE27011EE30BAC004EE306 /* VideoBrowser */,
				0DAE27151EE30BAC004EE306 /* VideoBrowserTests */,
			);
		};
/* End PBXProject section */

/* Begin PBXResourcesBuildPhase section */
		0DAE27001EE30BAC004EE306 /* Resources */ = {
			isa = PBXResourcesBuildPhase;
			buildActionMask = 2147483647;
			files = (
				0DAE27101EE30BAC004EE306 /* LaunchScreen.storyboard in Resources */,
				0DF54D371EF1E5DC00DCE8B7 /* Feed.json in Resources */,
				0DAE270D1EE30BAC004EE306 /* Assets.xcassets in Resources */,
				0DAE270B1EE30BAC004EE306 /* Main.storyboard in Resources */,
			);
			runOnlyForDeploymentPostprocessing = 0;
		};
		0DAE27141EE30BAC004EE306 /* Resources */ = {
			isa = PBXResourcesBuildPhase;
			buildActionMask = 2147483647;
			files = (
			);
			runOnlyForDeploymentPostprocessing = 0;
		};
/* End PBXResourcesBuildPhase section */

/* Begin PBXSourcesBuildPhase section */
		0DAE26FE1EE30BAC004EE306 /* Sources */ = {
			isa = PBXSourcesBuildPhase;
			buildActionMask = 2147483647;
			files = (
				0D9F2A5C1EEC7D7400776BAE /* VideoItemCell.swift in Sources */,
				0D1CC5A41EEDBA9B00907386 /* MatchDetailViewModel.swift in Sources */,
				0D6CCB5E1EE481E90020D145 /* MatchListTableViewController.swift in Sources */,
				0D1CC5A21EEDB72900907386 /* MatchListTableModel.swift in Sources */,
				0D9F2A611EED827B00776BAE /* MatchDetailsViewController.swift in Sources */,
				0DAE27061EE30BAC004EE306 /* AppDelegate.swift in Sources */,
			);
			runOnlyForDeploymentPostprocessing = 0;
		};
		0DAE27121EE30BAC004EE306 /* Sources */ = {
			isa = PBXSourcesBuildPhase;
			buildActionMask = 2147483647;
			files = (
				0D1CC6321EEF588600907386 /* MatchDetailViewModel.swift in Sources */,
				0D1CC6311EEF588300907386 /* MatchListTableModel.swift in Sources */,
				0D1CC62C1EEF57EE00907386 /* DummyMatchListTableModelCreator.swift in Sources */,
			);
			runOnlyForDeploymentPostprocessing = 0;
		};
/* End PBXSourcesBuildPhase section */

/* Begin PBXTargetDependency section */
		0DAE27181EE30BAC004EE306 /* PBXTargetDependency */ = {
			isa = PBXTargetDependency;
			target = 0DAE27011EE30BAC004EE306 /* VideoBrowser */;
			targetProxy = 0DAE27171EE30BAC004EE306 /* PBXContainerItemProxy */;
		};
/* End PBXTargetDependency section */

/* Begin PBXVariantGroup section */
		0DAE27091EE30BAC004EE306 /* Main.storyboard */ = {
			isa = PBXVariantGroup;
			children = (
				0DAE270A1EE30BAC004EE306 /* Base */,
			);
			name = Main.storyboard;
			sourceTree = "<group>";
		};
		0DAE270E1EE30BAC004EE306 /* LaunchScreen.storyboard */ = {
			isa = PBXVariantGroup;
			children = (
				0DAE270F1EE30BAC004EE306 /* Base */,
			);
			name = LaunchScreen.storyboard;
			sourceTree = "<group>";
		};
/* End PBXVariantGroup section */

/* Begin XCBuildConfiguration section */
		0DAE271D1EE30BAC004EE306 /* Debug */ = {
			isa = XCBuildConfiguration;
			buildSettings = {
				ALWAYS_SEARCH_USER_PATHS = NO;
				CLANG_ANALYZER_NONNULL = YES;
				CLANG_ANALYZER_NUMBER_OBJECT_CONVERSION = YES_AGGRESSIVE;
				CLANG_CXX_LANGUAGE_STANDARD = "gnu++0x";
				CLANG_CXX_LIBRARY = "libc++";
				CLANG_ENABLE_MODULES = YES;
				CLANG_ENABLE_OBJC_ARC = YES;
				CLANG_WARN_BOOL_CONVERSION = YES;
				CLANG_WARN_CONSTANT_CONVERSION = YES;
				CLANG_WARN_DIRECT_OBJC_ISA_USAGE = YES_ERROR;
				CLANG_WARN_DOCUMENTATION_COMMENTS = YES;
				CLANG_WARN_EMPTY_BODY = YES;
				CLANG_WARN_ENUM_CONVERSION = YES;
				CLANG_WARN_INFINITE_RECURSION = YES;
				CLANG_WARN_INT_CONVERSION = YES;
				CLANG_WARN_OBJC_ROOT_CLASS = YES_ERROR;
				CLANG_WARN_SUSPICIOUS_MOVE = YES;
				CLANG_WARN_UNREACHABLE_CODE = YES;
				CLANG_WARN__DUPLICATE_METHOD_MATCH = YES;
				CODE_SIGN_IDENTITY = "iPhone Developer: James Honeyball (JA47JVZZ6Z)";
				"CODE_SIGN_IDENTITY[sdk=iphoneos*]" = "iPhone Developer: James Honeyball (JA47JVZZ6Z)";
				COPY_PHASE_STRIP = NO;
				DEBUG_INFORMATION_FORMAT = dwarf;
				DEVELOPMENT_TEAM = EF4UQ57PCN;
				ENABLE_STRICT_OBJC_MSGSEND = YES;
				ENABLE_TESTABILITY = YES;
				FRAMEWORK_SEARCH_PATHS = "";
				GCC_C_LANGUAGE_STANDARD = gnu99;
				GCC_DYNAMIC_NO_PIC = NO;
				GCC_NO_COMMON_BLOCKS = YES;
				GCC_OPTIMIZATION_LEVEL = 0;
				GCC_PREPROCESSOR_DEFINITIONS = (
					"DEBUG=1",
					"$(inherited)",
				);
				GCC_WARN_64_TO_32_BIT_CONVERSION = YES;
				GCC_WARN_ABOUT_RETURN_TYPE = YES_ERROR;
				GCC_WARN_UNDECLARED_SELECTOR = YES;
				GCC_WARN_UNINITIALIZED_AUTOS = YES_AGGRESSIVE;
				GCC_WARN_UNUSED_FUNCTION = YES;
				GCC_WARN_UNUSED_VARIABLE = YES;
				IPHONEOS_DEPLOYMENT_TARGET = 9.3;
				MTL_ENABLE_DEBUG_INFO = YES;
				ONLY_ACTIVE_ARCH = YES;
				SDKROOT = iphoneos;
				SWIFT_ACTIVE_COMPILATION_CONDITIONS = DEBUG;
				SWIFT_OPTIMIZATION_LEVEL = "-Onone";
				TARGETED_DEVICE_FAMILY = "1,2";
			};
			name = Debug;
		};
		0DAE271E1EE30BAC004EE306 /* Release */ = {
			isa = XCBuildConfiguration;
			buildSettings = {
				ALWAYS_SEARCH_USER_PATHS = NO;
				CLANG_ANALYZER_NONNULL = YES;
				CLANG_ANALYZER_NUMBER_OBJECT_CONVERSION = YES_AGGRESSIVE;
				CLANG_CXX_LANGUAGE_STANDARD = "gnu++0x";
				CLANG_CXX_LIBRARY = "libc++";
				CLANG_ENABLE_MODULES = YES;
				CLANG_ENABLE_OBJC_ARC = YES;
				CLANG_WARN_BOOL_CONVERSION = YES;
				CLANG_WARN_CONSTANT_CONVERSION = YES;
				CLANG_WARN_DIRECT_OBJC_ISA_USAGE = YES_ERROR;
				CLANG_WARN_DOCUMENTATION_COMMENTS = YES;
				CLANG_WARN_EMPTY_BODY = YES;
				CLANG_WARN_ENUM_CONVERSION = YES;
				CLANG_WARN_INFINITE_RECURSION = YES;
				CLANG_WARN_INT_CONVERSION = YES;
				CLANG_WARN_OBJC_ROOT_CLASS = YES_ERROR;
				CLANG_WARN_SUSPICIOUS_MOVE = YES;
				CLANG_WARN_UNREACHABLE_CODE = YES;
				CLANG_WARN__DUPLICATE_METHOD_MATCH = YES;
				CODE_SIGN_IDENTITY = "iPhone Developer: James Honeyball (JA47JVZZ6Z)";
				"CODE_SIGN_IDENTITY[sdk=iphoneos*]" = "iPhone Developer: James Honeyball (JA47JVZZ6Z)";
				COPY_PHASE_STRIP = NO;
				DEBUG_INFORMATION_FORMAT = "dwarf-with-dsym";
				DEVELOPMENT_TEAM = EF4UQ57PCN;
				ENABLE_NS_ASSERTIONS = NO;
				ENABLE_STRICT_OBJC_MSGSEND = YES;
				FRAMEWORK_SEARCH_PATHS = "";
				GCC_C_LANGUAGE_STANDARD = gnu99;
				GCC_NO_COMMON_BLOCKS = YES;
				GCC_WARN_64_TO_32_BIT_CONVERSION = YES;
				GCC_WARN_ABOUT_RETURN_TYPE = YES_ERROR;
				GCC_WARN_UNDECLARED_SELECTOR = YES;
				GCC_WARN_UNINITIALIZED_AUTOS = YES_AGGRESSIVE;
				GCC_WARN_UNUSED_FUNCTION = YES;
				GCC_WARN_UNUSED_VARIABLE = YES;
				IPHONEOS_DEPLOYMENT_TARGET = 9.3;
				MTL_ENABLE_DEBUG_INFO = NO;
				SDKROOT = iphoneos;
				SWIFT_OPTIMIZATION_LEVEL = "-Owholemodule";
				TARGETED_DEVICE_FAMILY = "1,2";
				VALIDATE_PRODUCT = YES;
			};
			name = Release;
		};
		0DAE27201EE30BAC004EE306 /* Debug */ = {
			isa = XCBuildConfiguration;
			buildSettings = {
				ASSETCATALOG_COMPILER_APPICON_NAME = AppIcon;
				DEVELOPMENT_TEAM = EF4UQ57PCN;
				FRAMEWORK_SEARCH_PATHS = "";
				INFOPLIST_FILE = VideoBrowser/Info.plist;
				LD_RUNPATH_SEARCH_PATHS = "$(inherited) @executable_path/Frameworks";
				PRODUCT_BUNDLE_IDENTIFIER = com.honeyball.VideoBrowser;
				PRODUCT_NAME = "$(TARGET_NAME)";
				PROVISIONING_PROFILE = "b88acbf3-4d94-406e-a835-9e3fcb6d6547";
				PROVISIONING_PROFILE_SPECIFIER = "James Honeyball Development";
				SWIFT_VERSION = 3.0;
			};
			name = Debug;
		};
		0DAE27211EE30BAC004EE306 /* Release */ = {
			isa = XCBuildConfiguration;
			buildSettings = {
				ASSETCATALOG_COMPILER_APPICON_NAME = AppIcon;
				DEVELOPMENT_TEAM = EF4UQ57PCN;
				FRAMEWORK_SEARCH_PATHS = "";
				INFOPLIST_FILE = VideoBrowser/Info.plist;
				LD_RUNPATH_SEARCH_PATHS = "$(inherited) @executable_path/Frameworks";
				PRODUCT_BUNDLE_IDENTIFIER = com.honeyball.VideoBrowser;
				PRODUCT_NAME = "$(TARGET_NAME)";
				PROVISIONING_PROFILE = "b88acbf3-4d94-406e-a835-9e3fcb6d6547";
				PROVISIONING_PROFILE_SPECIFIER = "James Honeyball Development";
				SWIFT_VERSION = 3.0;
			};
			name = Release;
		};
		0DAE27231EE30BAC004EE306 /* Debug */ = {
			isa = XCBuildConfiguration;
			buildSettings = {
				ALWAYS_EMBED_SWIFT_STANDARD_LIBRARIES = YES;
				BUNDLE_LOADER = "$(TEST_HOST)";
				CLANG_ENABLE_MODULES = YES;
				DEVELOPMENT_TEAM = EF4UQ57PCN;
				INFOPLIST_FILE = VideoBrowserTests/Info.plist;
				LD_RUNPATH_SEARCH_PATHS = "$(inherited) @executable_path/Frameworks @loader_path/Frameworks";
				PRODUCT_BUNDLE_IDENTIFIER = com.honeyball.VideoBrowserTests;
				PRODUCT_NAME = "$(TARGET_NAME)";
				PROVISIONING_PROFILE_SPECIFIER = "";
				SWIFT_OPTIMIZATION_LEVEL = "-Onone";
				SWIFT_VERSION = 3.0;
				TEST_HOST = "$(BUILT_PRODUCTS_DIR)/VideoBrowser.app/VideoBrowser";
			};
			name = Debug;
		};
		0DAE27241EE30BAC004EE306 /* Release */ = {
			isa = XCBuildConfiguration;
			buildSettings = {
				ALWAYS_EMBED_SWIFT_STANDARD_LIBRARIES = YES;
				BUNDLE_LOADER = "$(TEST_HOST)";
				CLANG_ENABLE_MODULES = YES;
				"CODE_SIGN_IDENTITY[sdk=iphoneos*]" = "iPhone Distribution";
				DEVELOPMENT_TEAM = EF4UQ57PCN;
				INFOPLIST_FILE = VideoBrowserTests/Info.plist;
				LD_RUNPATH_SEARCH_PATHS = "$(inherited) @executable_path/Frameworks @loader_path/Frameworks";
				PRODUCT_BUNDLE_IDENTIFIER = com.honeyball.VideoBrowserTests;
				PRODUCT_NAME = "$(TARGET_NAME)";
				PROVISIONING_PROFILE_SPECIFIER = "";
				SWIFT_VERSION = 3.0;
				TEST_HOST = "$(BUILT_PRODUCTS_DIR)/VideoBrowser.app/VideoBrowser";
			};
			name = Release;
		};
/* End XCBuildConfiguration section */

/* Begin XCConfigurationList section */
		0DAE26FD1EE30BAC004EE306 /* Build configuration list for PBXProject "VideoBrowser" */ = {
			isa = XCConfigurationList;
			buildConfigurations = (
				0DAE271D1EE30BAC004EE306 /* Debug */,
				0DAE271E1EE30BAC004EE306 /* Release */,
			);
			defaultConfigurationIsVisible = 0;
			defaultConfigurationName = Release;
		};
		0DAE271F1EE30BAC004EE306 /* Build configuration list for PBXNativeTarget "VideoBrowser" */ = {
			isa = XCConfigurationList;
			buildConfigurations = (
				0DAE27201EE30BAC004EE306 /* Debug */,
				0DAE27211EE30BAC004EE306 /* Release */,
			);
			defaultConfigurationIsVisible = 0;
			defaultConfigurationName = Release;
		};
		0DAE27221EE30BAC004EE306 /* Build configuration list for PBXNativeTarget "VideoBrowserTests" */ = {
			isa = XCConfigurationList;
			buildConfigurations = (
				0DAE27231EE30BAC004EE306 /* Debug */,
				0DAE27241EE30BAC004EE306 /* Release */,
			);
			defaultConfigurationIsVisible = 0;
			defaultConfigurationName = Release;
		};
/* End XCConfigurationList section */
	};
	rootObject = 0DAE26FA1EE30BAC004EE306 /* Project object */;
}
